
Microsoft Visual Studio Solution File, Format Version 12.00
# Visual Studio Version 16
VisualStudioVersion = 25.0.1703.0
MinimumVisualStudioVersion = 10.0.40219.1
Project("{2150E333-8FDC-42A3-9474-1A3956D46DE8}") = "Domain", "Domain", "{E86F482F-45EA-44DD-8C0A-CEF93A7AC1B0}"
EndProject
Project("{2150E333-8FDC-42A3-9474-1A3956D46DE8}") = "Application", "Application", "{5D4005EB-6A16-4D52-8AAE-8E486ACB47A4}"
EndProject
Project("{2150E333-8FDC-42A3-9474-1A3956D46DE8}") = "Infrastructure", "Infrastructure", "{6FCBFBE2-FF26-4FE6-8F55-DEDC75C62E68}"
EndProject
Project("{2150E333-8FDC-42A3-9474-1A3956D46DE8}") = "Presentation", "Presentation", "{15AB291D-713B-4EC8-8099-7831F8B86C0B}"
EndProject
Project("{2150E333-8FDC-42A3-9474-1A3956D46DE8}") = "Test", "Test", "{AD8D161F-BFF4-4B78-A1D0-2C7E438A7FD9}"
EndProject
Project("{FAE04EC0-301F-11D3-BF4B-00C04F79EFBC}") = "ArchitectureEDA.Application", "src\Application\ArchitectureEDA.Application\ArchitectureEDA.Application.csproj", "{BBAE9CA8-0AD8-4E0F-A444-2383785BFCD4}"
EndProject
Project("{FAE04EC0-301F-11D3-BF4B-00C04F79EFBC}") = "ArchitectureEDA.Domain", "src\Domain\ArchitectureEDA.Domain\ArchitectureEDA.Domain.csproj", "{6BB1BDF9-B5FE-4AE9-809D-53A500354B64}"
EndProject
Project("{FAE04EC0-301F-11D3-BF4B-00C04F79EFBC}") = "ArchitectureEDA.Infrastructure.External", "src\Infrastructure\ArchitectureEDA.Infrastructure.External\ArchitectureEDA.Infrastructure.External.csproj", "{C13A3C43-0EF0-4632-BE30-0008C28A42AD}"
EndProject
Project("{FAE04EC0-301F-11D3-BF4B-00C04F79EFBC}") = "ArchitectureEDA.Infrastructure.Persistence", "src\Infrastructure\ArchitectureEDA.Infrastructure.Persistence\ArchitectureEDA.Infrastructure.Persistence.csproj", "{64ABA239-4E7C-4D70-BAB3-DB407CEBBE3A}"
EndProject
Project("{FAE04EC0-301F-11D3-BF4B-00C04F79EFBC}") = "ArchitectureEDA.Api", "src\Presentation\ArchitectureEDA.Api\ArchitectureEDA.Api.csproj", "{6CB79BC3-F35D-468B-994B-E8C3C6F716FF}"
EndProject
Project("{FAE04EC0-301F-11D3-BF4B-00C04F79EFBC}") = "ArchitectureEDA.EventService", "src\Presentation\ArchitectureEDA.EventService\ArchitectureEDA.EventService.csproj", "{12E70D59-9BCE-4809-9B70-E5DF5B527D0B}"
EndProject
Project("{FAE04EC0-301F-11D3-BF4B-00C04F79EFBC}") = "ArchitectureEDA.Test", "test\ArchitectureEDA.Test\ArchitectureEDA.Test.csproj", "{D5B1FE9C-AD2E-4A0F-95DE-A42FC1C469C5}"
EndProject
Global
	GlobalSection(SolutionConfigurationPlatforms) = preSolution
		Debug|Any CPU = Debug|Any CPU
		Release|Any CPU = Release|Any CPU
	EndGlobalSection
	GlobalSection(ProjectConfigurationPlatforms) = postSolution
		{BBAE9CA8-0AD8-4E0F-A444-2383785BFCD4}.Debug|Any CPU.ActiveCfg = Debug|Any CPU
		{BBAE9CA8-0AD8-4E0F-A444-2383785BFCD4}.Debug|Any CPU.Build.0 = Debug|Any CPU
		{BBAE9CA8-0AD8-4E0F-A444-2383785BFCD4}.Release|Any CPU.ActiveCfg = Release|Any CPU
		{BBAE9CA8-0AD8-4E0F-A444-2383785BFCD4}.Release|Any CPU.Build.0 = Release|Any CPU
		{6BB1BDF9-B5FE-4AE9-809D-53A500354B64}.Debug|Any CPU.ActiveCfg = Debug|Any CPU
		{6BB1BDF9-B5FE-4AE9-809D-53A500354B64}.Debug|Any CPU.Build.0 = Debug|Any CPU
		{6BB1BDF9-B5FE-4AE9-809D-53A500354B64}.Release|Any CPU.ActiveCfg = Release|Any CPU
		{6BB1BDF9-B5FE-4AE9-809D-53A500354B64}.Release|Any CPU.Build.0 = Release|Any CPU
		{C13A3C43-0EF0-4632-BE30-0008C28A42AD}.Debug|Any CPU.ActiveCfg = Debug|Any CPU
		{C13A3C43-0EF0-4632-BE30-0008C28A42AD}.Debug|Any CPU.Build.0 = Debug|Any CPU
		{C13A3C43-0EF0-4632-BE30-0008C28A42AD}.Release|Any CPU.ActiveCfg = Release|Any CPU
		{C13A3C43-0EF0-4632-BE30-0008C28A42AD}.Release|Any CPU.Build.0 = Release|Any CPU
		{64ABA239-4E7C-4D70-BAB3-DB407CEBBE3A}.Debug|Any CPU.ActiveCfg = Debug|Any CPU
		{64ABA239-4E7C-4D70-BAB3-DB407CEBBE3A}.Debug|Any CPU.Build.0 = Debug|Any CPU
		{64ABA239-4E7C-4D70-BAB3-DB407CEBBE3A}.Release|Any CPU.ActiveCfg = Release|Any CPU
		{64ABA239-4E7C-4D70-BAB3-DB407CEBBE3A}.Release|Any CPU.Build.0 = Release|Any CPU
		{6CB79BC3-F35D-468B-994B-E8C3C6F716FF}.Debug|Any CPU.ActiveCfg = Debug|Any CPU
		{6CB79BC3-F35D-468B-994B-E8C3C6F716FF}.Debug|Any CPU.Build.0 = Debug|Any CPU
		{6CB79BC3-F35D-468B-994B-E8C3C6F716FF}.Release|Any CPU.ActiveCfg = Release|Any CPU
		{6CB79BC3-F35D-468B-994B-E8C3C6F716FF}.Release|Any CPU.Build.0 = Release|Any CPU
		{12E70D59-9BCE-4809-9B70-E5DF5B527D0B}.Debug|Any CPU.ActiveCfg = Debug|Any CPU
		{12E70D59-9BCE-4809-9B70-E5DF5B527D0B}.Debug|Any CPU.Build.0 = Debug|Any CPU
		{12E70D59-9BCE-4809-9B70-E5DF5B527D0B}.Release|Any CPU.ActiveCfg = Release|Any CPU
		{12E70D59-9BCE-4809-9B70-E5DF5B527D0B}.Release|Any CPU.Build.0 = Release|Any CPU
		{D5B1FE9C-AD2E-4A0F-95DE-A42FC1C469C5}.Debug|Any CPU.ActiveCfg = Debug|Any CPU
		{D5B1FE9C-AD2E-4A0F-95DE-A42FC1C469C5}.Debug|Any CPU.Build.0 = Debug|Any CPU
		{D5B1FE9C-AD2E-4A0F-95DE-A42FC1C469C5}.Release|Any CPU.ActiveCfg = Release|Any CPU
		{D5B1FE9C-AD2E-4A0F-95DE-A42FC1C469C5}.Release|Any CPU.Build.0 = Release|Any CPU
	EndGlobalSection
	GlobalSection(SolutionProperties) = preSolution
		HideSolutionNode = FALSE
	EndGlobalSection
	GlobalSection(ExtensibilityGlobals) = postSolution
		SolutionGuid = {ADC5B430-1E95-4E2E-BD0E-67725996FA34}
	EndGlobalSection
	GlobalSection(NestedProjects) = preSolution
		{BBAE9CA8-0AD8-4E0F-A444-2383785BFCD4} = {5D4005EB-6A16-4D52-8AAE-8E486ACB47A4}
		{6BB1BDF9-B5FE-4AE9-809D-53A500354B64} = {E86F482F-45EA-44DD-8C0A-CEF93A7AC1B0}
		{C13A3C43-0EF0-4632-BE30-0008C28A42AD} = {6FCBFBE2-FF26-4FE6-8F55-DEDC75C62E68}
		{64ABA239-4E7C-4D70-BAB3-DB407CEBBE3A} = {6FCBFBE2-FF26-4FE6-8F55-DEDC75C62E68}
		{6CB79BC3-F35D-468B-994B-E8C3C6F716FF} = {15AB291D-713B-4EC8-8099-7831F8B86C0B}
		{12E70D59-9BCE-4809-9B70-E5DF5B527D0B} = {15AB291D-713B-4EC8-8099-7831F8B86C0B}
		{D5B1FE9C-AD2E-4A0F-95DE-A42FC1C469C5} = {AD8D161F-BFF4-4B78-A1D0-2C7E438A7FD9}
	EndGlobalSection
EndGlobal
